{
	"name": "okta-velocity-language-server",
	"version": "1.0.0",
	"lockfileVersion": 2,
	"requires": true,
	"packages": {
		"": {
			"name": "okta-velocity-language-server",
			"version": "1.0.0",
			"dependencies": {
				"antlr4ts": "^0.5.0-alpha.4",
				"vscode-languageserver": "^7.0.0",
				"vscode-languageserver-textdocument": "^1.0.1"
			},
			"engines": {
				"node": "*"
			}
		},
		"node_modules/antlr4ts": {
			"version": "0.5.0-alpha.4",
			"resolved": "https://artifacts.aue1d.saasure.com:443/artifactory/api/npm/npm-okta-master/antlr4ts/-/antlr4ts-0.5.0-alpha.4.tgz",
			"integrity": "sha1-cXAoZah0eO0LQMBwn0Is8U1RZSo=",
			"license": "BSD-3-Clause"
		},
		"node_modules/vscode-jsonrpc": {
			"version": "6.0.0",
			"resolved": "https://artifacts.aue1d.saasure.com:443/artifactory/api/npm/npm-okta-master/vscode-jsonrpc/-/vscode-jsonrpc-6.0.0.tgz",
			"integrity": "sha1-EIvbCbRABwUXa5V87KngiA6bbU4=",
			"license": "MIT",
			"engines": {
				"node": ">=8.0.0 || >=10.0.0"
			}
		},
		"node_modules/vscode-languageserver": {
			"version": "7.0.0",
			"resolved": "https://artifacts.aue1d.saasure.com:443/artifactory/api/npm/npm-okta-master/vscode-languageserver/-/vscode-languageserver-7.0.0.tgz",
			"integrity": "sha1-SbBoyHz8ypOjVpadIPXZvdUBxrA=",
			"license": "MIT",
			"dependencies": {
				"vscode-languageserver-protocol": "3.16.0"
			},
			"bin": {
				"installServerIntoExtension": "bin/installServerIntoExtension"
			}
		},
		"node_modules/vscode-languageserver-protocol": {
			"version": "3.16.0",
			"resolved": "https://artifacts.aue1d.saasure.com:443/artifactory/api/npm/npm-okta-master/vscode-languageserver-protocol/-/vscode-languageserver-protocol-3.16.0.tgz",
			"integrity": "sha1-NBNbYakJHblyGIoH0zdAajzb6CE=",
			"license": "MIT",
			"dependencies": {
				"vscode-jsonrpc": "6.0.0",
				"vscode-languageserver-types": "3.16.0"
			}
		},
		"node_modules/vscode-languageserver-textdocument": {
			"version": "1.0.3",
			"resolved": "https://artifacts.aue1d.saasure.com:443/artifactory/api/npm/npm-okta-master/vscode-languageserver-textdocument/-/vscode-languageserver-textdocument-1.0.3.tgz",
			"integrity": "sha1-h58mSb+lpuB7yLOSwj7eLfv0Pv8=",
			"license": "MIT"
		},
		"node_modules/vscode-languageserver-types": {
			"version": "3.16.0",
			"resolved": "https://artifacts.aue1d.saasure.com:443/artifactory/api/npm/npm-okta-master/vscode-languageserver-types/-/vscode-languageserver-types-3.16.0.tgz",
			"integrity": "sha1-7POT/BIexpdLLaPvsxVWRMUU4kc=",
			"license": "MIT"
		}
	},
	"dependencies": {
		"antlr4ts": {
			"version": "0.5.0-alpha.4",
			"resolved": "https://artifacts.aue1d.saasure.com:443/artifactory/api/npm/npm-okta-master/antlr4ts/-/antlr4ts-0.5.0-alpha.4.tgz",
			"integrity": "sha1-cXAoZah0eO0LQMBwn0Is8U1RZSo="
		},
		"vscode-jsonrpc": {
			"version": "6.0.0",
			"resolved": "https://artifacts.aue1d.saasure.com:443/artifactory/api/npm/npm-okta-master/vscode-jsonrpc/-/vscode-jsonrpc-6.0.0.tgz",
			"integrity": "sha1-EIvbCbRABwUXa5V87KngiA6bbU4="
		},
		"vscode-languageserver": {
			"version": "7.0.0",
			"resolved": "https://artifacts.aue1d.saasure.com:443/artifactory/api/npm/npm-okta-master/vscode-languageserver/-/vscode-languageserver-7.0.0.tgz",
			"integrity": "sha1-SbBoyHz8ypOjVpadIPXZvdUBxrA=",
			"requires": {
				"vscode-languageserver-protocol": "3.16.0"
			}
		},
		"vscode-languageserver-protocol": {
			"version": "3.16.0",
			"resolved": "https://artifacts.aue1d.saasure.com:443/artifactory/api/npm/npm-okta-master/vscode-languageserver-protocol/-/vscode-languageserver-protocol-3.16.0.tgz",
			"integrity": "sha1-NBNbYakJHblyGIoH0zdAajzb6CE=",
			"requires": {
				"vscode-jsonrpc": "6.0.0",
				"vscode-languageserver-types": "3.16.0"
			}
		},
		"vscode-languageserver-textdocument": {
			"version": "1.0.3",
			"resolved": "https://artifacts.aue1d.saasure.com:443/artifactory/api/npm/npm-okta-master/vscode-languageserver-textdocument/-/vscode-languageserver-textdocument-1.0.3.tgz",
			"integrity": "sha1-h58mSb+lpuB7yLOSwj7eLfv0Pv8="
		},
		"vscode-languageserver-types": {
			"version": "3.16.0",
			"resolved": "https://artifacts.aue1d.saasure.com:443/artifactory/api/npm/npm-okta-master/vscode-languageserver-types/-/vscode-languageserver-types-3.16.0.tgz",
			"integrity": "sha1-7POT/BIexpdLLaPvsxVWRMUU4kc="
		}
	}
}
